
Microsoft Visual Studio Solution File, Format Version 12.00
# Visual Studio 15
VisualStudioVersion = 15.0.28307.902
MinimumVisualStudioVersion = 10.0.40219.1
Project("{FAE04EC0-301F-11D3-BF4B-00C04F79EFBC}") = "BlueCat.JobServer", "BlueCat.JobServer\BlueCat.JobServer.csproj", "{5436AD2B-6DA9-4E8D-AC57-3DFD415F16E9}"
EndProject
Project("{FAE04EC0-301F-11D3-BF4B-00C04F79EFBC}") = "Hangfire.MySqlStorage.Core", "Hangfire.MySqlStorage.Core\Hangfire.MySqlStorage.Core.csproj", "{BC822E02-068A-4F60-B7C4-3101FCA525B6}"
EndProject
Project("{FAE04EC0-301F-11D3-BF4B-00C04F79EFBC}") = "Hangfire.Redis.StackExchange", "Hangfire.Redis.StackExchange\Hangfire.Redis.StackExchange.csproj", "{30927225-E788-4443-A925-FFBF5BEE6B1E}"
EndProject
Project("{FAE04EC0-301F-11D3-BF4B-00C04F79EFBC}") = "BlueCat.Core", "BlueCat.Core\BlueCat.Core.csproj", "{02EE9288-94AF-4E42-BD4F-CB71EA2985A5}"
EndProject
Project("{FAE04EC0-301F-11D3-BF4B-00C04F79EFBC}") = "Hangfire.HttpJob", "Hangfire.HttpJob\Hangfire.HttpJob.csproj", "{EFD31771-A447-406D-8A21-8AAFE51074AA}"
EndProject
Global
	GlobalSection(SolutionConfigurationPlatforms) = preSolution
		Debug|Any CPU = Debug|Any CPU
		Release|Any CPU = Release|Any CPU
	EndGlobalSection
	GlobalSection(ProjectConfigurationPlatforms) = postSolution
		{5436AD2B-6DA9-4E8D-AC57-3DFD415F16E9}.Debug|Any CPU.ActiveCfg = Debug|Any CPU
		{5436AD2B-6DA9-4E8D-AC57-3DFD415F16E9}.Debug|Any CPU.Build.0 = Debug|Any CPU
		{5436AD2B-6DA9-4E8D-AC57-3DFD415F16E9}.Release|Any CPU.ActiveCfg = Release|Any CPU
		{5436AD2B-6DA9-4E8D-AC57-3DFD415F16E9}.Release|Any CPU.Build.0 = Release|Any CPU
		{BC822E02-068A-4F60-B7C4-3101FCA525B6}.Debug|Any CPU.ActiveCfg = Debug|Any CPU
		{BC822E02-068A-4F60-B7C4-3101FCA525B6}.Debug|Any CPU.Build.0 = Debug|Any CPU
		{BC822E02-068A-4F60-B7C4-3101FCA525B6}.Release|Any CPU.ActiveCfg = Release|Any CPU
		{BC822E02-068A-4F60-B7C4-3101FCA525B6}.Release|Any CPU.Build.0 = Release|Any CPU
		{30927225-E788-4443-A925-FFBF5BEE6B1E}.Debug|Any CPU.ActiveCfg = Debug|Any CPU
		{30927225-E788-4443-A925-FFBF5BEE6B1E}.Debug|Any CPU.Build.0 = Debug|Any CPU
		{30927225-E788-4443-A925-FFBF5BEE6B1E}.Release|Any CPU.ActiveCfg = Release|Any CPU
		{30927225-E788-4443-A925-FFBF5BEE6B1E}.Release|Any CPU.Build.0 = Release|Any CPU
		{02EE9288-94AF-4E42-BD4F-CB71EA2985A5}.Debug|Any CPU.ActiveCfg = Debug|Any CPU
		{02EE9288-94AF-4E42-BD4F-CB71EA2985A5}.Debug|Any CPU.Build.0 = Debug|Any CPU
		{02EE9288-94AF-4E42-BD4F-CB71EA2985A5}.Release|Any CPU.ActiveCfg = Release|Any CPU
		{02EE9288-94AF-4E42-BD4F-CB71EA2985A5}.Release|Any CPU.Build.0 = Release|Any CPU
		{EFD31771-A447-406D-8A21-8AAFE51074AA}.Debug|Any CPU.ActiveCfg = Debug|Any CPU
		{EFD31771-A447-406D-8A21-8AAFE51074AA}.Debug|Any CPU.Build.0 = Debug|Any CPU
		{EFD31771-A447-406D-8A21-8AAFE51074AA}.Release|Any CPU.ActiveCfg = Release|Any CPU
		{EFD31771-A447-406D-8A21-8AAFE51074AA}.Release|Any CPU.Build.0 = Release|Any CPU
	EndGlobalSection
	GlobalSection(SolutionProperties) = preSolution
		HideSolutionNode = FALSE
	EndGlobalSection
	GlobalSection(ExtensibilityGlobals) = postSolution
		SolutionGuid = {EAB7B8BE-123C-461B-AE97-7E2550547BF1}
	EndGlobalSection
EndGlobal
